// !$*UTF8*$!
{
	archiveVersion = 1;
	classes = {
	};
	objectVersion = 48;
	objects = {

/* Begin PBXBuildFile section */
		01A9BE6B204DFB08005635BC /* AppDelegate.swift in Sources */ = {isa = PBXBuildFile; fileRef = 01A9BE6A204DFB08005635BC /* AppDelegate.swift */; };
		01A9BE6D204DFB08005635BC /* ViewController.swift in Sources */ = {isa = PBXBuildFile; fileRef = 01A9BE6C204DFB08005635BC /* ViewController.swift */; };
		01A9BE70204DFB08005635BC /* Main.storyboard in Resources */ = {isa = PBXBuildFile; fileRef = 01A9BE6E204DFB08005635BC /* Main.storyboard */; };
		01A9BE72204DFB08005635BC /* Assets.xcassets in Resources */ = {isa = PBXBuildFile; fileRef = 01A9BE71204DFB08005635BC /* Assets.xcassets */; };
		01A9BE75204DFB08005635BC /* LaunchScreen.storyboard in Resources */ = {isa = PBXBuildFile; fileRef = 01A9BE73204DFB08005635BC /* LaunchScreen.storyboard */; };
		01A9BE7D204E0129005635BC /* DetailViewController.swift in Sources */ = {isa = PBXBuildFile; fileRef = 01A9BE7C204E0129005635BC /* DetailViewController.swift */; };
		01A9BED4204E10D1005635BC /* poland.png in Resources */ = {isa = PBXBuildFile; fileRef = 01A9BEC8204E10D0005635BC /* poland.png */; };
		01A9BED5204E10D1005635BC /* nigeria.png in Resources */ = {isa = PBXBuildFile; fileRef = 01A9BEC9204E10D0005635BC /* nigeria.png */; };
		01A9BED6204E10D1005635BC /* russia.png in Resources */ = {isa = PBXBuildFile; fileRef = 01A9BECA204E10D0005635BC /* russia.png */; };
		01A9BED7204E10D1005635BC /* spain.png in Resources */ = {isa = PBXBuildFile; fileRef = 01A9BECB204E10D0005635BC /* spain.png */; };
		01A9BED8204E10D1005635BC /* us.png in Resources */ = {isa = PBXBuildFile; fileRef = 01A9BECC204E10D0005635BC /* us.png */; };
		01A9BED9204E10D1005635BC /* monaco.png in Resources */ = {isa = PBXBuildFile; fileRef = 01A9BECD204E10D0005635BC /* monaco.png */; };
		01A9BEDA204E10D1005635BC /* uk.png in Resources */ = {isa = PBXBuildFile; fileRef = 01A9BECE204E10D1005635BC /* uk.png */; };
		01A9BEDB204E10D1005635BC /* estonia.png in Resources */ = {isa = PBXBuildFile; fileRef = 01A9BECF204E10D1005635BC /* estonia.png */; };
		01A9BEDC204E10D1005635BC /* ireland.png in Resources */ = {isa = PBXBuildFile; fileRef = 01A9BED0204E10D1005635BC /* ireland.png */; };
		01A9BEDD204E10D1005635BC /* germany.png in Resources */ = {isa = PBXBuildFile; fileRef = 01A9BED1204E10D1005635BC /* germany.png */; };
		01A9BEDE204E10D1005635BC /* italy.png in Resources */ = {isa = PBXBuildFile; fileRef = 01A9BED2204E10D1005635BC /* italy.png */; };
		01A9BEDF204E10D1005635BC /* france.png in Resources */ = {isa = PBXBuildFile; fileRef = 01A9BED3204E10D1005635BC /* france.png */; };
/* End PBXBuildFile section */

/* Begin PBXFileReference section */
		01A9BE67204DFB08005635BC /* Challenge1.app */ = {isa = PBXFileReference; explicitFileType = wrapper.application; includeInIndex = 0; path = Challenge1.app; sourceTree = BUILT_PRODUCTS_DIR; };
		01A9BE6A204DFB08005635BC /* AppDelegate.swift */ = {isa = PBXFileReference; lastKnownFileType = sourcecode.swift; path = AppDelegate.swift; sourceTree = "<group>"; };
		01A9BE6C204DFB08005635BC /* ViewController.swift */ = {isa = PBXFileReference; lastKnownFileType = sourcecode.swift; path = ViewController.swift; sourceTree = "<group>"; };
		01A9BE6F204DFB08005635BC /* Base */ = {isa = PBXFileReference; lastKnownFileType = file.storyboard; name = Base; path = Base.lproj/Main.storyboard; sourceTree = "<group>"; };
		01A9BE71204DFB08005635BC /* Assets.xcassets */ = {isa = PBXFileReference; lastKnownFileType = folder.assetcatalog; path = Assets.xcassets; sourceTree = "<group>"; };
		01A9BE74204DFB08005635BC /* Base */ = {isa = PBXFileReference; lastKnownFileType = file.storyboard; name = Base; path = Base.lproj/LaunchScreen.storyboard; sourceTree = "<group>"; };
		01A9BE76204DFB08005635BC /* Info.plist */ = {isa = PBXFileReference; lastKnownFileType = text.plist.xml; path = Info.plist; sourceTree = "<group>"; };
		01A9BE7C204E0129005635BC /* DetailViewController.swift */ = {isa = PBXFileReference; lastKnownFileType = sourcecode.swift; path = DetailViewController.swift; sourceTree = "<group>"; };
		01A9BEC8204E10D0005635BC /* poland.png */ = {isa = PBXFileReference; lastKnownFileType = image.png; path = poland.png; sourceTree = "<group>"; };
		01A9BEC9204E10D0005635BC /* nigeria.png */ = {isa = PBXFileReference; lastKnownFileType = image.png; path = nigeria.png; sourceTree = "<group>"; };
		01A9BECA204E10D0005635BC /* russia.png */ = {isa = PBXFileReference; lastKnownFileType = image.png; path = russia.png; sourceTree = "<group>"; };
		01A9BECB204E10D0005635BC /* spain.png */ = {isa = PBXFileReference; lastKnownFileType = image.png; path = spain.png; sourceTree = "<group>"; };
		01A9BECC204E10D0005635BC /* us.png */ = {isa = PBXFileReference; lastKnownFileType = image.png; path = us.png; sourceTree = "<group>"; };
		01A9BECD204E10D0005635BC /* monaco.png */ = {isa = PBXFileReference; lastKnownFileType = image.png; path = monaco.png; sourceTree = "<group>"; };
		01A9BECE204E10D1005635BC /* uk.png */ = {isa = PBXFileReference; lastKnownFileType = image.png; path = uk.png; sourceTree = "<group>"; };
		01A9BECF204E10D1005635BC /* estonia.png */ = {isa = PBXFileReference; lastKnownFileType = image.png; path = estonia.png; sourceTree = "<group>"; };
		01A9BED0204E10D1005635BC /* ireland.png */ = {isa = PBXFileReference; lastKnownFileType = image.png; path = ireland.png; sourceTree = "<group>"; };
		01A9BED1204E10D1005635BC /* germany.png */ = {isa = PBXFileReference; lastKnownFileType = image.png; path = germany.png; sourceTree = "<group>"; };
		01A9BED2204E10D1005635BC /* italy.png */ = {isa = PBXFileReference; lastKnownFileType = image.png; path = italy.png; sourceTree = "<group>"; };
		01A9BED3204E10D1005635BC /* france.png */ = {isa = PBXFileReference; lastKnownFileType = image.png; path = france.png; sourceTree = "<group>"; };
/* End PBXFileReference section */

/* Begin PBXFrameworksBuildPhase section */
		01A9BE64204DFB08005635BC /* Frameworks */ = {
			isa = PBXFrameworksBuildPhase;
			buildActionMask = 2147483647;
			files = (
			);
			runOnlyForDeploymentPostprocessing = 0;
		};
/* End PBXFrameworksBuildPhase section */

/* Begin PBXGroup section */
		01A9BE5E204DFB08005635BC = {
			isa = PBXGroup;
			children = (
				01A9BE69204DFB08005635BC /* Challenge1 */,
				01A9BE68204DFB08005635BC /* Products */,
			);
			sourceTree = "<group>";
		};
		01A9BE68204DFB08005635BC /* Products */ = {
			isa = PBXGroup;
			children = (
				01A9BE67204DFB08005635BC /* Challenge1.app */,
			);
			name = Products;
			sourceTree = "<group>";
		};
		01A9BE69204DFB08005635BC /* Challenge1 */ = {
			isa = PBXGroup;
			children = (
				01A9BEC7204E1068005635BC /* Content */,
				01A9BE6A204DFB08005635BC /* AppDelegate.swift */,
				01A9BE6C204DFB08005635BC /* ViewController.swift */,
				01A9BE7C204E0129005635BC /* DetailViewController.swift */,
				01A9BE6E204DFB08005635BC /* Main.storyboard */,
				01A9BE71204DFB08005635BC /* Assets.xcassets */,
				01A9BE73204DFB08005635BC /* LaunchScreen.storyboard */,
				01A9BE76204DFB08005635BC /* Info.plist */,
			);
			path = Challenge1;
			sourceTree = "<group>";
		};
		01A9BEC7204E1068005635BC /* Content */ = {
			isa = PBXGroup;
			children = (
				01A9BECF204E10D1005635BC /* estonia.png */,
				01A9BED3204E10D1005635BC /* france.png */,
				01A9BED1204E10D1005635BC /* germany.png */,
				01A9BED0204E10D1005635BC /* ireland.png */,
				01A9BED2204E10D1005635BC /* italy.png */,
				01A9BECD204E10D0005635BC /* monaco.png */,
				01A9BEC9204E10D0005635BC /* nigeria.png */,
				01A9BEC8204E10D0005635BC /* poland.png */,
				01A9BECA204E10D0005635BC /* russia.png */,
				01A9BECB204E10D0005635BC /* spain.png */,
				01A9BECE204E10D1005635BC /* uk.png */,
				01A9BECC204E10D0005635BC /* us.png */,
			);
			path = Content;
			sourceTree = "<group>";
		};
/* End PBXGroup section */

/* Begin PBXNativeTarget section */
		01A9BE66204DFB08005635BC /* Challenge1 */ = {
			isa = PBXNativeTarget;
			buildConfigurationList = 01A9BE79204DFB08005635BC /* Build configuration list for PBXNativeTarget "Challenge1" */;
			buildPhases = (
				01A9BE63204DFB08005635BC /* Sources */,
				01A9BE64204DFB08005635BC /* Frameworks */,
				01A9BE65204DFB08005635BC /* Resources */,
			);
			buildRules = (
			);
			dependencies = (
			);
			name = Challenge1;
			productName = Challenge1;
			productReference = 01A9BE67204DFB08005635BC /* Challenge1.app */;
			productType = "com.apple.product-type.application";
		};
/* End PBXNativeTarget section */

/* Begin PBXProject section */
		01A9BE5F204DFB08005635BC /* Project object */ = {
			isa = PBXProject;
			attributes = {
				LastSwiftUpdateCheck = 0920;
				LastUpgradeCheck = 0920;
				ORGANIZATIONNAME = MelissaGarrett;
				TargetAttributes = {
					01A9BE66204DFB08005635BC = {
						CreatedOnToolsVersion = 9.2;
						ProvisioningStyle = Automatic;
					};
				};
			};
			buildConfigurationList = 01A9BE62204DFB08005635BC /* Build configuration list for PBXProject "Challenge1" */;
			compatibilityVersion = "Xcode 8.0";
			developmentRegion = en;
			hasScannedForEncodings = 0;
			knownRegions = (
				en,
				Base,
			);
			mainGroup = 01A9BE5E204DFB08005635BC;
			productRefGroup = 01A9BE68204DFB08005635BC /* Products */;
			projectDirPath = "";
			projectRoot = "";
			targets = (
				01A9BE66204DFB08005635BC /* Challenge1 */,
			);
		};
/* End PBXProject section */

/* Begin PBXResourcesBuildPhase section */
		01A9BE65204DFB08005635BC /* Resources */ = {
			isa = PBXResourcesBuildPhase;
			buildActionMask = 2147483647;
			files = (
				01A9BEDF204E10D1005635BC /* france.png in Resources */,
				01A9BE75204DFB08005635BC /* LaunchScreen.storyboard in Resources */,
				01A9BEDD204E10D1005635BC /* germany.png in Resources */,
				01A9BED8204E10D1005635BC /* us.png in Resources */,
				01A9BE72204DFB08005635BC /* Assets.xcassets in Resources */,
				01A9BED6204E10D1005635BC /* russia.png in Resources */,
				01A9BEDE204E10D1005635BC /* italy.png in Resources */,
				01A9BED5204E10D1005635BC /* nigeria.png in Resources */,
				01A9BEDB204E10D1005635BC /* estonia.png in Resources */,
				01A9BEDA204E10D1005635BC /* uk.png in Resources */,
				01A9BED9204E10D1005635BC /* monaco.png in Resources */,
				01A9BE70204DFB08005635BC /* Main.storyboard in Resources */,
				01A9BEDC204E10D1005635BC /* ireland.png in Resources */,
				01A9BED4204E10D1005635BC /* poland.png in Resources */,
				01A9BED7204E10D1005635BC /* spain.png in Resources */,
			);
			runOnlyForDeploymentPostprocessing = 0;
		};
/* End PBXResourcesBuildPhase section */

/* Begin PBXSourcesBuildPhase section */
		01A9BE63204DFB08005635BC /* Sources */ = {
			isa = PBXSourcesBuildPhase;
			buildActionMask = 2147483647;
			files = (
				01A9BE7D204E0129005635BC /* DetailViewController.swift in Sources */,
				01A9BE6D204DFB08005635BC /* ViewController.swift in Sources */,
				01A9BE6B204DFB08005635BC /* AppDelegate.swift in Sources */,
			);
			runOnlyForDeploymentPostprocessing = 0;
		};
/* End PBXSourcesBuildPhase section */

/* Begin PBXVariantGroup section */
		01A9BE6E204DFB08005635BC /* Main.storyboard */ = {
			isa = PBXVariantGroup;
			children = (
				01A9BE6F204DFB08005635BC /* Base */,
			);
			name = Main.storyboard;
			sourceTree = "<group>";
		};
		01A9BE73204DFB08005635BC /* LaunchScreen.storyboard */ = {
			isa = PBXVariantGroup;
			children = (
				01A9BE74204DFB08005635BC /* Base */,
			);
			name = LaunchScreen.storyboard;
			sourceTree = "<group>";
		};
/* End PBXVariantGroup section */

/* Begin XCBuildConfiguration section */
		01A9BE77204DFB08005635BC /* Debug */ = {
			isa = XCBuildConfiguration;
			buildSettings = {
				ALWAYS_SEARCH_USER_PATHS = NO;
				CLANG_ANALYZER_NONNULL = YES;
				CLANG_ANALYZER_NUMBER_OBJECT_CONVERSION = YES_AGGRESSIVE;
				CLANG_CXX_LANGUAGE_STANDARD = "gnu++14";
				CLANG_CXX_LIBRARY = "libc++";
				CLANG_ENABLE_MODULES = YES;
				CLANG_ENABLE_OBJC_ARC = YES;
				CLANG_WARN_BLOCK_CAPTURE_AUTORELEASING = YES;
				CLANG_WARN_BOOL_CONVERSION = YES;
				CLANG_WARN_COMMA = YES;
				CLANG_WARN_CONSTANT_CONVERSION = YES;
				CLANG_WARN_DIRECT_OBJC_ISA_USAGE = YES_ERROR;
				CLANG_WARN_DOCUMENTATION_COMMENTS = YES;
				CLANG_WARN_EMPTY_BODY = YES;
				CLANG_WARN_ENUM_CONVERSION = YES;
				CLANG_WARN_INFINITE_RECURSION = YES;
				CLANG_WARN_INT_CONVERSION = YES;
				CLANG_WARN_NON_LITERAL_NULL_CONVERSION = YES;
				CLANG_WARN_OBJC_LITERAL_CONVERSION = YES;
				CLANG_WARN_OBJC_ROOT_CLASS = YES_ERROR;
				CLANG_WARN_RANGE_LOOP_ANALYSIS = YES;
				CLANG_WARN_STRICT_PROTOTYPES = YES;
				CLANG_WARN_SUSPICIOUS_MOVE = YES;
				CLANG_WARN_UNGUARDED_AVAILABILITY = YES_AGGRESSIVE;
				CLANG_WARN_UNREACHABLE_CODE = YES;
				CLANG_WARN__DUPLICATE_METHOD_MATCH = YES;
				CODE_SIGN_IDENTITY = "iPhone Developer";
				COPY_PHASE_STRIP = NO;
				DEBUG_INFORMATION_FORMAT = dwarf;
				ENABLE_STRICT_OBJC_MSGSEND = YES;
				ENABLE_TESTABILITY = YES;
				GCC_C_LANGUAGE_STANDARD = gnu11;
				GCC_DYNAMIC_NO_PIC = NO;
				GCC_NO_COMMON_BLOCKS = YES;
				GCC_OPTIMIZATION_LEVEL = 0;
				GCC_PREPROCESSOR_DEFINITIONS = (
					"DEBUG=1",
					"$(inherited)",
				);
				GCC_WARN_64_TO_32_BIT_CONVERSION = YES;
				GCC_WARN_ABOUT_RETURN_TYPE = YES_ERROR;
				GCC_WARN_UNDECLARED_SELECTOR = YES;
				GCC_WARN_UNINITIALIZED_AUTOS = YES_AGGRESSIVE;
				GCC_WARN_UNUSED_FUNCTION = YES;
				GCC_WARN_UNUSED_VARIABLE = YES;
				IPHONEOS_DEPLOYMENT_TARGET = 11.2;
				MTL_ENABLE_DEBUG_INFO = YES;
				ONLY_ACTIVE_ARCH = YES;
				SDKROOT = iphoneos;
				SWIFT_ACTIVE_COMPILATION_CONDITIONS = DEBUG;
				SWIFT_OPTIMIZATION_LEVEL = "-Onone";
			};
			name = Debug;
		};
		01A9BE78204DFB08005635BC /* Release */ = {
			isa = XCBuildConfiguration;
			buildSettings = {
				ALWAYS_SEARCH_USER_PATHS = NO;
				CLANG_ANALYZER_NONNULL = YES;
				CLANG_ANALYZER_NUMBER_OBJECT_CONVERSION = YES_AGGRESSIVE;
				CLANG_CXX_LANGUAGE_STANDARD = "gnu++14";
				CLANG_CXX_LIBRARY = "libc++";
				CLANG_ENABLE_MODULES = YES;
				CLANG_ENABLE_OBJC_ARC = YES;
				CLANG_WARN_BLOCK_CAPTURE_AUTORELEASING = YES;
				CLANG_WARN_BOOL_CONVERSION = YES;
				CLANG_WARN_COMMA = YES;
				CLANG_WARN_CONSTANT_CONVERSION = YES;
				CLANG_WARN_DIRECT_OBJC_ISA_USAGE = YES_ERROR;
				CLANG_WARN_DOCUMENTATION_COMMENTS = YES;
				CLANG_WARN_EMPTY_BODY = YES;
				CLANG_WARN_ENUM_CONVERSION = YES;
				CLANG_WARN_INFINITE_RECURSION = YES;
				CLANG_WARN_INT_CONVERSION = YES;
				CLANG_WARN_NON_LITERAL_NULL_CONVERSION = YES;
				CLANG_WARN_OBJC_LITERAL_CONVERSION = YES;
				CLANG_WARN_OBJC_ROOT_CLASS = YES_ERROR;
				CLANG_WARN_RANGE_LOOP_ANALYSIS = YES;
				CLANG_WARN_STRICT_PROTOTYPES = YES;
				CLANG_WARN_SUSPICIOUS_MOVE = YES;
				CLANG_WARN_UNGUARDED_AVAILABILITY = YES_AGGRESSIVE;
				CLANG_WARN_UNREACHABLE_CODE = YES;
				CLANG_WARN__DUPLICATE_METHOD_MATCH = YES;
				CODE_SIGN_IDENTITY = "iPhone Developer";
				COPY_PHASE_STRIP = NO;
				DEBUG_INFORMATION_FORMAT = "dwarf-with-dsym";
				ENABLE_NS_ASSERTIONS = NO;
				ENABLE_STRICT_OBJC_MSGSEND = YES;
				GCC_C_LANGUAGE_STANDARD = gnu11;
				GCC_NO_COMMON_BLOCKS = YES;
				GCC_WARN_64_TO_32_BIT_CONVERSION = YES;
				GCC_WARN_ABOUT_RETURN_TYPE = YES_ERROR;
				GCC_WARN_UNDECLARED_SELECTOR = YES;
				GCC_WARN_UNINITIALIZED_AUTOS = YES_AGGRESSIVE;
				GCC_WARN_UNUSED_FUNCTION = YES;
				GCC_WARN_UNUSED_VARIABLE = YES;
				IPHONEOS_DEPLOYMENT_TARGET = 11.2;
				MTL_ENABLE_DEBUG_INFO = NO;
				SDKROOT = iphoneos;
				SWIFT_OPTIMIZATION_LEVEL = "-Owholemodule";
				VALIDATE_PRODUCT = YES;
			};
			name = Release;
		};
		01A9BE7A204DFB08005635BC /* Debug */ = {
			isa = XCBuildConfiguration;
			buildSettings = {
				ASSETCATALOG_COMPILER_APPICON_NAME = AppIcon;
				CODE_SIGN_STYLE = Automatic;
				DEVELOPMENT_TEAM = DG4WJC99E5;
				INFOPLIST_FILE = Challenge1/Info.plist;
				LD_RUNPATH_SEARCH_PATHS = "$(inherited) @executable_path/Frameworks";
				PRODUCT_BUNDLE_IDENTIFIER = com.melissagarrett.Challenge1;
				PRODUCT_NAME = "$(TARGET_NAME)";
				SWIFT_VERSION = 4.0;
				TARGETED_DEVICE_FAMILY = "1,2";
			};
			name = Debug;
		};
		01A9BE7B204DFB08005635BC /* Release */ = {
			isa = XCBuildConfiguration;
			buildSettings = {
				ASSETCATALOG_COMPILER_APPICON_NAME = AppIcon;
				CODE_SIGN_STYLE = Automatic;
				DEVELOPMENT_TEAM = DG4WJC99E5;
				INFOPLIST_FILE = Challenge1/Info.plist;
				LD_RUNPATH_SEARCH_PATHS = "$(inherited) @executable_path/Frameworks";
				PRODUCT_BUNDLE_IDENTIFIER = com.melissagarrett.Challenge1;
				PRODUCT_NAME = "$(TARGET_NAME)";
				SWIFT_VERSION = 4.0;
				TARGETED_DEVICE_FAMILY = "1,2";
			};
			name = Release;
		};
/* End XCBuildConfiguration section */

/* Begin XCConfigurationList section */
		01A9BE62204DFB08005635BC /* Build configuration list for PBXProject "Challenge1" */ = {
			isa = XCConfigurationList;
			buildConfigurations = (
				01A9BE77204DFB08005635BC /* Debug */,
				01A9BE78204DFB08005635BC /* Release */,
			);
			defaultConfigurationIsVisible = 0;
			defaultConfigurationName = Release;
		};
		01A9BE79204DFB08005635BC /* Build configuration list for PBXNativeTarget "Challenge1" */ = {
			isa = XCConfigurationList;
			buildConfigurations = (
				01A9BE7A204DFB08005635BC /* Debug */,
				01A9BE7B204DFB08005635BC /* Release */,
			);
			defaultConfigurationIsVisible = 0;
			defaultConfigurationName = Release;
		};
/* End XCConfigurationList section */
	};
	rootObject = 01A9BE5F204DFB08005635BC /* Project object */;
}
